
Microsoft Visual Studio Solution File, Format Version 12.00
# Visual Studio 15
VisualStudioVersion = 15.0.28306.52
MinimumVisualStudioVersion = 10.0.40219.1
Project("{6989167D-11E4-40FE-8C1A-2192A86A7E90}") = "ForUtils", "..\ForUtils.vfproj", "{F7C12681-233A-4C5A-9639-1EF3573BCE64}"
EndProject
Project("{6989167D-11E4-40FE-8C1A-2192A86A7E90}") = "UnitTests", "UnitTests.vfproj", "{112408B3-9459-463D-A6BD-F7C8371245B9}"
	ProjectSection(ProjectDependencies) = postProject
		{F7C12681-233A-4C5A-9639-1EF3573BCE64} = {F7C12681-233A-4C5A-9639-1EF3573BCE64}
	EndProjectSection
EndProject
Global
	GlobalSection(SolutionConfigurationPlatforms) = preSolution
		Debug|x64 = Debug|x64
		Debug|x86 = Debug|x86
		Release|x64 = Release|x64
		Release|x86 = Release|x86
	EndGlobalSection
	GlobalSection(ProjectConfigurationPlatforms) = postSolution
		{F7C12681-233A-4C5A-9639-1EF3573BCE64}.Debug|x64.ActiveCfg = Debug|x64
		{F7C12681-233A-4C5A-9639-1EF3573BCE64}.Debug|x64.Build.0 = Debug|x64
		{F7C12681-233A-4C5A-9639-1EF3573BCE64}.Debug|x86.ActiveCfg = Debug|x64
		{F7C12681-233A-4C5A-9639-1EF3573BCE64}.Release|x64.ActiveCfg = Release|x64
		{F7C12681-233A-4C5A-9639-1EF3573BCE64}.Release|x64.Build.0 = Release|x64
		{F7C12681-233A-4C5A-9639-1EF3573BCE64}.Release|x86.ActiveCfg = Release|x64
		{112408B3-9459-463D-A6BD-F7C8371245B9}.Debug|x64.ActiveCfg = Debug|x64
		{112408B3-9459-463D-A6BD-F7C8371245B9}.Debug|x64.Build.0 = Debug|x64
		{112408B3-9459-463D-A6BD-F7C8371245B9}.Debug|x86.ActiveCfg = Debug|Win32
		{112408B3-9459-463D-A6BD-F7C8371245B9}.Debug|x86.Build.0 = Debug|Win32
		{112408B3-9459-463D-A6BD-F7C8371245B9}.Release|x64.ActiveCfg = Release|x64
		{112408B3-9459-463D-A6BD-F7C8371245B9}.Release|x64.Build.0 = Release|x64
		{112408B3-9459-463D-A6BD-F7C8371245B9}.Release|x86.ActiveCfg = Release|Win32
		{112408B3-9459-463D-A6BD-F7C8371245B9}.Release|x86.Build.0 = Release|Win32
	EndGlobalSection
	GlobalSection(SolutionProperties) = preSolution
		HideSolutionNode = FALSE
	EndGlobalSection
	GlobalSection(ExtensibilityGlobals) = postSolution
		SolutionGuid = {2E204D10-AB11-40AB-94FE-8840F82C8C36}
	EndGlobalSection
EndGlobal
